<?xml version="1.0" encoding="utf-8"?>
<Project ToolsVersion="4.0" xmlns="http://schemas.microsoft.com/developer/msbuild/2003">
  <ItemGroup>
    <ClCompile Include="script.cpp" />
    <ClCompile Include="main.cpp" />
    <ClCompile Include="ScriptSettings.cpp" />
    <ClCompile Include="Util\Logger.cpp">
      <Filter>Util</Filter>
    </ClCompile>
    <ClCompile Include="Util\TimeHelper.cpp">
      <Filter>Util</Filter>
    </ClCompile>
    <ClCompile Include="Util\Util.cpp">
      <Filter>Util</Filter>
    </ClCompile>
    <ClCompile Include="ScriptMenu.cpp" />
    <ClCompile Include="Util\Paths.cpp">
      <Filter>Util</Filter>
    </ClCompile>
    <ClCompile Include="Util\MathExt.cpp">
      <Filter>Util</Filter>
    </ClCompile>
    <ClCompile Include="..\thirdparty\lodepng\lodepng.cpp">
      <Filter>Thirdparty</Filter>
    </ClCompile>
    <ClCompile Include="..\thirdparty\lodepng\lodepng_util.cpp">
      <Filter>Thirdparty</Filter>
    </ClCompile>
    <ClCompile Include="..\thirdparty\GTAVMenuBase\menu.cpp">
      <Filter>Menu</Filter>
    </ClCompile>
    <ClCompile Include="..\thirdparty\GTAVMenuBase\menucontrols.cpp">
      <Filter>Menu</Filter>
    </ClCompile>
    <ClCompile Include="..\thirdparty\GTAVMenuBase\menukeyboard.cpp">
      <Filter>Menu</Filter>
    </ClCompile>
    <ClCompile Include="..\thirdparty\GTAVMenuBase\menumemutils.cpp">
      <Filter>Menu</Filter>
    </ClCompile>
    <ClCompile Include="..\thirdparty\GTAVMenuBase\menusettings.cpp">
      <Filter>Menu</Filter>
    </ClCompile>
    <ClCompile Include="..\thirdparty\GTAVMenuBase\menuutils.cpp">
      <Filter>Menu</Filter>
    </ClCompile>
    <ClCompile Include="Compatibility.cpp">
      <Filter>MTLib</Filter>
    </ClCompile>
    <ClCompile Include="..\thirdparty\GTAVManualTransmission\Gears\Memory\NativeMemory.cpp">
      <Filter>MTVehExt</Filter>
    </ClCompile>
    <ClCompile Include="..\thirdparty\GTAVManualTransmission\Gears\Memory\VehicleExtensions.cpp">
      <Filter>MTVehExt</Filter>
    </ClCompile>
    <ClCompile Include="Colors.cpp">
      <Filter>Util</Filter>
    </ClCompile>
  </ItemGroup>
  <ItemGroup>
    <ClInclude Include="script.h" />
    <ClInclude Include="ScriptSettings.hpp" />
    <ClInclude Include="Util\Util.hpp">
      <Filter>Util</Filter>
    </ClInclude>
    <ClInclude Include="Util\Logger.hpp">
      <Filter>Util</Filter>
    </ClInclude>
    <ClInclude Include="Util\TimeHelper.hpp">
      <Filter>Util</Filter>
    </ClInclude>
    <ClInclude Include="..\thirdparty\simpleini\SimpleIni.h">
      <Filter>Thirdparty</Filter>
    </ClInclude>
    <ClInclude Include="Util\Paths.h">
      <Filter>Util</Filter>
    </ClInclude>
    <ClInclude Include="Util\MathExt.h">
      <Filter>Util</Filter>
    </ClInclude>
    <ClInclude Include="..\thirdparty\lodepng\lodepng.h">
      <Filter>Thirdparty</Filter>
    </ClInclude>
    <ClInclude Include="..\thirdparty\lodepng\lodepng_util.h">
      <Filter>Thirdparty</Filter>
    </ClInclude>
    <ClInclude Include="newNatives.h">
      <Filter>Util</Filter>
    </ClInclude>
    <ClInclude Include="SpeedoInfo.h" />
    <ClInclude Include="Compatibility.h">
      <Filter>MTLib</Filter>
    </ClInclude>
    <ClInclude Include="..\thirdparty\GTAVManualTransmission\Gears\Memory\Versions.h">
      <Filter>MTVehExt</Filter>
    </ClInclude>
    <ClInclude Include="..\thirdparty\GTAVManualTransmission\Gears\Memory\NativeMemory.hpp">
      <Filter>MTVehExt</Filter>
    </ClInclude>
    <ClInclude Include="..\thirdparty\GTAVManualTransmission\Gears\Memory\VehicleExtensions.hpp">
      <Filter>MTVehExt</Filter>
    </ClInclude>
    <ClInclude Include="..\thirdparty\ScriptHookV_SDK\inc\enums.h">
      <Filter>ScriptHookV</Filter>
    </ClInclude>
    <ClInclude Include="..\thirdparty\ScriptHookV_SDK\inc\main.h">
      <Filter>ScriptHookV</Filter>
    </ClInclude>
    <ClInclude Include="..\thirdparty\ScriptHookV_SDK\inc\nativeCaller.h">
      <Filter>ScriptHookV</Filter>
    </ClInclude>
    <ClInclude Include="..\thirdparty\ScriptHookV_SDK\inc\natives.h">
      <Filter>ScriptHookV</Filter>
    </ClInclude>
    <ClInclude Include="..\thirdparty\ScriptHookV_SDK\inc\types.h">
      <Filter>ScriptHookV</Filter>
    </ClInclude>
    <ClInclude Include="Colors.h">
      <Filter>Util</Filter>
    </ClInclude>
  </ItemGroup>
  <ItemGroup>
    <Filter Include="Util">
      <UniqueIdentifier>{6656e964-569c-448b-ac00-d586f48acb8a}</UniqueIdentifier>
    </Filter>
    <Filter Include="Thirdparty">
      <UniqueIdentifier>{d0a967a3-e709-4563-beec-8bb1bc9d1711}</UniqueIdentifier>
    </Filter>
    <Filter Include="Menu">
      <UniqueIdentifier>{d318979d-d544-4b16-9e26-6bec9234be3e}</UniqueIdentifier>
    </Filter>
    <Filter Include="MTLib">
      <UniqueIdentifier>{d734a0d7-4c72-4bea-abfa-83d460a42aca}</UniqueIdentifier>
    </Filter>
    <Filter Include="MTVehExt">
      <UniqueIdentifier>{483bcdcb-e76a-4b80-8d7d-90457b63e4a6}</UniqueIdentifier>
    </Filter>
    <Filter Include="ScriptHookV">
      <UniqueIdentifier>{01012e73-37b7-4874-b66a-9390e9a83264}</UniqueIdentifier>
    </Filter>
  </ItemGroup>
</Project>